
Microsoft Visual Studio Solution File, Format Version 12.00
# Visual Studio Version 17
VisualStudioVersion = 17.4.33213.308
MinimumVisualStudioVersion = 10.0.40219.1
Project("{FAE04EC0-301F-11D3-BF4B-00C04F79EFBC}") = "Week2IFStatement", "Week2IFStatement\Week2IFStatement.csproj", "{F057BA9E-F8F3-4846-91A4-451DA6076F3E}"
EndProject
Global
	GlobalSection(SolutionConfigurationPlatforms) = preSolution
		Debug|Any CPU = Debug|Any CPU
		Release|Any CPU = Release|Any CPU
	EndGlobalSection
	GlobalSection(ProjectConfigurationPlatforms) = postSolution
		{F057BA9E-F8F3-4846-91A4-451DA6076F3E}.Debug|Any CPU.ActiveCfg = Debug|Any CPU
		{F057BA9E-F8F3-4846-91A4-451DA6076F3E}.Debug|Any CPU.Build.0 = Debug|Any CPU
		{F057BA9E-F8F3-4846-91A4-451DA6076F3E}.Release|Any CPU.ActiveCfg = Release|Any CPU
		{F057BA9E-F8F3-4846-91A4-451DA6076F3E}.Release|Any CPU.Build.0 = Release|Any CPU
	EndGlobalSection
	GlobalSection(SolutionProperties) = preSolution
		HideSolutionNode = FALSE
	EndGlobalSection
	GlobalSection(ExtensibilityGlobals) = postSolution
		SolutionGuid = {E0BC8846-565E-4A8E-B775-6E175D1049DA}
	EndGlobalSection
EndGlobal
